{
  "originHash" : "b723ffc3d6e3ea18a0689500b6ce2751f8a1c89347215b89114896a6051b9a09",
  "pins" : [
    {
      "identity" : "wisent-components",
      "kind" : "remoteSourceControl",
      "location" : "https://github.com/wisent-ai/wisent-components.git",
      "state" : {
        "revision" : "40649453b8a9fc65fcf033b40ae0280f12b5dd24",
        "version" : "0.9.1"
      }
    },
    {
      "identity" : "wisent-errors",
      "kind" : "remoteSourceControl",
      "location" : "https://github.com/wisent-ai/wisent-errors",
      "state" : {
        "revision" : "be5aaa00231bcfdacc7664ee871f135e229a0524",
        "version" : "1.1.0"
      }
    }
  ],
  "version" : 3
}
