{
  "originHash" : "9cd225754497b3b051945b2ffa66e46be1ae7e4cb8b4c47647a2422a5ef0a661",
  "pins" : [
    {
      "identity" : "echo",
      "kind" : "remoteSourceControl",
      "location" : "https://github.com/wisent-ai/echo.git",
      "state" : {
        "revision" : "7c4677dbc2cff315110510447dafbd69d1128792",
        "version" : "0.1.2"
      }
    },
    {
      "identity" : "wisent-components",
      "kind" : "remoteSourceControl",
      "location" : "https://github.com/wisent-ai/wisent-components.git",
      "state" : {
        "revision" : "4b84974ecaef87372f5837e6069fa489c0d05832",
        "version" : "0.7.1"
      }
    },
    {
      "identity" : "wisent-errors",
      "kind" : "remoteSourceControl",
      "location" : "https://github.com/wisent-ai/wisent-errors",
      "state" : {
        "revision" : "b01a0c99766b5c6378ecdbf3921108420ba058f1"
      }
    }
  ],
  "version" : 3
}
